
Microsoft Visual Studio Solution File, Format Version 12.00
# Visual Studio Version 17
VisualStudioVersion = 17.8.34309.116
MinimumVisualStudioVersion = 10.0.40219.1
Project("{FAE04EC0-301F-11D3-BF4B-00C04F79EFBC}") = "BankovniUcetUkol", "BankovniUcetUkol\BankovniUcetUkol.csproj", "{5127D255-BC06-4A45-A89A-241356712751}"
EndProject
Global
	GlobalSection(SolutionConfigurationPlatforms) = preSolution
		Debug|Any CPU = Debug|Any CPU
		Release|Any CPU = Release|Any CPU
	EndGlobalSection
	GlobalSection(ProjectConfigurationPlatforms) = postSolution
		{5127D255-BC06-4A45-A89A-241356712751}.Debug|Any CPU.ActiveCfg = Debug|Any CPU
		{5127D255-BC06-4A45-A89A-241356712751}.Debug|Any CPU.Build.0 = Debug|Any CPU
		{5127D255-BC06-4A45-A89A-241356712751}.Release|Any CPU.ActiveCfg = Release|Any CPU
		{5127D255-BC06-4A45-A89A-241356712751}.Release|Any CPU.Build.0 = Release|Any CPU
	EndGlobalSection
	GlobalSection(SolutionProperties) = preSolution
		HideSolutionNode = FALSE
	EndGlobalSection
	GlobalSection(ExtensibilityGlobals) = postSolution
		SolutionGuid = {D139C2CE-3F14-4586-8E14-871346ADB5B4}
	EndGlobalSection
EndGlobal
